
Microsoft Visual Studio Solution File, Format Version 12.00
# Visual Studio Version 16
VisualStudioVersion = 16.0.28803.352
MinimumVisualStudioVersion = 10.0.40219.1
Project("{FAE04EC0-301F-11D3-BF4B-00C04F79EFBC}") = "OpenGL helper", "OpenGL helper\OpenGL helper.csproj", "{AB47318D-86A8-47BA-890E-CE0BEC19EAA5}"
EndProject
Global
	GlobalSection(SolutionConfigurationPlatforms) = preSolution
		Debug|Any CPU = Debug|Any CPU
		Release|Any CPU = Release|Any CPU
	EndGlobalSection
	GlobalSection(ProjectConfigurationPlatforms) = postSolution
		{AB47318D-86A8-47BA-890E-CE0BEC19EAA5}.Debug|Any CPU.ActiveCfg = Debug|Any CPU
		{AB47318D-86A8-47BA-890E-CE0BEC19EAA5}.Debug|Any CPU.Build.0 = Debug|Any CPU
		{AB47318D-86A8-47BA-890E-CE0BEC19EAA5}.Release|Any CPU.ActiveCfg = Release|Any CPU
		{AB47318D-86A8-47BA-890E-CE0BEC19EAA5}.Release|Any CPU.Build.0 = Release|Any CPU
	EndGlobalSection
	GlobalSection(SolutionProperties) = preSolution
		HideSolutionNode = FALSE
	EndGlobalSection
	GlobalSection(ExtensibilityGlobals) = postSolution
		SolutionGuid = {CD9E3594-AB43-42DC-B52F-E32A181B1BF8}
	EndGlobalSection
EndGlobal
